// !$*UTF8*$!
{
	archiveVersion = 1;
	classes = {
	};
	objectVersion = 55;
	objects = {

/* Begin PBXBuildFile section */
		7A09B30E28D08FA8008EF035 /* AppDelegate.swift in Sources */ = {isa = PBXBuildFile; fileRef = 7A09B30D28D08FA8008EF035 /* AppDelegate.swift */; };
		7A09B31028D08FA8008EF035 /* SceneDelegate.swift in Sources */ = {isa = PBXBuildFile; fileRef = 7A09B30F28D08FA8008EF035 /* SceneDelegate.swift */; };
		7A09B31228D08FA8008EF035 /* ViewController.swift in Sources */ = {isa = PBXBuildFile; fileRef = 7A09B31128D08FA8008EF035 /* ViewController.swift */; };
		7A09B31528D08FA8008EF035 /* Main.storyboard in Resources */ = {isa = PBXBuildFile; fileRef = 7A09B31328D08FA8008EF035 /* Main.storyboard */; };
		7A09B31728D08FAA008EF035 /* Assets.xcassets in Resources */ = {isa = PBXBuildFile; fileRef = 7A09B31628D08FAA008EF035 /* Assets.xcassets */; };
		7A09B31A28D08FAA008EF035 /* LaunchScreen.storyboard in Resources */ = {isa = PBXBuildFile; fileRef = 7A09B31828D08FAA008EF035 /* LaunchScreen.storyboard */; };
		C1C36D4AB36A271CDD0C1E87 /* Pods_MapBoxIntegration.framework in Frameworks */ = {isa = PBXBuildFile; fileRef = BC753C66F191EE8C3BD6E5FB /* Pods_MapBoxIntegration.framework */; };
/* End PBXBuildFile section */

/* Begin PBXFileReference section */
		5B02294AA5929616575D1161 /* Pods-MapBoxIntegration.release.xcconfig */ = {isa = PBXFileReference; includeInIndex = 1; lastKnownFileType = text.xcconfig; name = "Pods-MapBoxIntegration.release.xcconfig"; path = "Target Support Files/Pods-MapBoxIntegration/Pods-MapBoxIntegration.release.xcconfig"; sourceTree = "<group>"; };
		7A09B30A28D08FA8008EF035 /* MapBoxIntegration.app */ = {isa = PBXFileReference; explicitFileType = wrapper.application; includeInIndex = 0; path = MapBoxIntegration.app; sourceTree = BUILT_PRODUCTS_DIR; };
		7A09B30D28D08FA8008EF035 /* AppDelegate.swift */ = {isa = PBXFileReference; lastKnownFileType = sourcecode.swift; path = AppDelegate.swift; sourceTree = "<group>"; };
		7A09B30F28D08FA8008EF035 /* SceneDelegate.swift */ = {isa = PBXFileReference; lastKnownFileType = sourcecode.swift; path = SceneDelegate.swift; sourceTree = "<group>"; };
		7A09B31128D08FA8008EF035 /* ViewController.swift */ = {isa = PBXFileReference; lastKnownFileType = sourcecode.swift; path = ViewController.swift; sourceTree = "<group>"; };
		7A09B31428D08FA8008EF035 /* Base */ = {isa = PBXFileReference; lastKnownFileType = file.storyboard; name = Base; path = Base.lproj/Main.storyboard; sourceTree = "<group>"; };
		7A09B31628D08FAA008EF035 /* Assets.xcassets */ = {isa = PBXFileReference; lastKnownFileType = folder.assetcatalog; path = Assets.xcassets; sourceTree = "<group>"; };
		7A09B31928D08FAA008EF035 /* Base */ = {isa = PBXFileReference; lastKnownFileType = file.storyboard; name = Base; path = Base.lproj/LaunchScreen.storyboard; sourceTree = "<group>"; };
		7A09B31B28D08FAA008EF035 /* Info.plist */ = {isa = PBXFileReference; lastKnownFileType = text.plist.xml; path = Info.plist; sourceTree = "<group>"; };
		BC753C66F191EE8C3BD6E5FB /* Pods_MapBoxIntegration.framework */ = {isa = PBXFileReference; explicitFileType = wrapper.framework; includeInIndex = 0; path = Pods_MapBoxIntegration.framework; sourceTree = BUILT_PRODUCTS_DIR; };
		D2E08AD00F038F350151019A /* Pods-MapBoxIntegration.debug.xcconfig */ = {isa = PBXFileReference; includeInIndex = 1; lastKnownFileType = text.xcconfig; name = "Pods-MapBoxIntegration.debug.xcconfig"; path = "Target Support Files/Pods-MapBoxIntegration/Pods-MapBoxIntegration.debug.xcconfig"; sourceTree = "<group>"; };
/* End PBXFileReference section */

/* Begin PBXFrameworksBuildPhase section */
		7A09B30728D08FA8008EF035 /* Frameworks */ = {
			isa = PBXFrameworksBuildPhase;
			buildActionMask = 2147483647;
			files = (
				C1C36D4AB36A271CDD0C1E87 /* Pods_MapBoxIntegration.framework in Frameworks */,
			);
			runOnlyForDeploymentPostprocessing = 0;
		};
/* End PBXFrameworksBuildPhase section */

/* Begin PBXGroup section */
		714E17E129408B8A96376682 /* Frameworks */ = {
			isa = PBXGroup;
			children = (
				BC753C66F191EE8C3BD6E5FB /* Pods_MapBoxIntegration.framework */,
			);
			name = Frameworks;
			sourceTree = "<group>";
		};
		7A09B30128D08FA8008EF035 = {
			isa = PBXGroup;
			children = (
				7A09B30C28D08FA8008EF035 /* MapBoxIntegration */,
				7A09B30B28D08FA8008EF035 /* Products */,
				915D9945154998F9B728B5B1 /* Pods */,
				714E17E129408B8A96376682 /* Frameworks */,
			);
			sourceTree = "<group>";
		};
		7A09B30B28D08FA8008EF035 /* Products */ = {
			isa = PBXGroup;
			children = (
				7A09B30A28D08FA8008EF035 /* MapBoxIntegration.app */,
			);
			name = Products;
			sourceTree = "<group>";
		};
		7A09B30C28D08FA8008EF035 /* MapBoxIntegration */ = {
			isa = PBXGroup;
			children = (
				7A09B30D28D08FA8008EF035 /* AppDelegate.swift */,
				7A09B30F28D08FA8008EF035 /* SceneDelegate.swift */,
				7A09B31128D08FA8008EF035 /* ViewController.swift */,
				7A09B31328D08FA8008EF035 /* Main.storyboard */,
				7A09B31628D08FAA008EF035 /* Assets.xcassets */,
				7A09B31828D08FAA008EF035 /* LaunchScreen.storyboard */,
				7A09B31B28D08FAA008EF035 /* Info.plist */,
			);
			path = MapBoxIntegration;
			sourceTree = "<group>";
		};
		915D9945154998F9B728B5B1 /* Pods */ = {
			isa = PBXGroup;
			children = (
				D2E08AD00F038F350151019A /* Pods-MapBoxIntegration.debug.xcconfig */,
				5B02294AA5929616575D1161 /* Pods-MapBoxIntegration.release.xcconfig */,
			);
			path = Pods;
			sourceTree = "<group>";
		};
/* End PBXGroup section */

/* Begin PBXNativeTarget section */
		7A09B30928D08FA8008EF035 /* MapBoxIntegration */ = {
			isa = PBXNativeTarget;
			buildConfigurationList = 7A09B31E28D08FAA008EF035 /* Build configuration list for PBXNativeTarget "MapBoxIntegration" */;
			buildPhases = (
				680A99209CBDA1C405C5C071 /* [CP] Check Pods Manifest.lock */,
				7A09B30628D08FA8008EF035 /* Sources */,
				7A09B30728D08FA8008EF035 /* Frameworks */,
				7A09B30828D08FA8008EF035 /* Resources */,
				7AFCAD84B40525EC3CE354DA /* [CP] Embed Pods Frameworks */,
			);
			buildRules = (
			);
			dependencies = (
			);
			name = MapBoxIntegration;
			productName = MapBoxIntegration;
			productReference = 7A09B30A28D08FA8008EF035 /* MapBoxIntegration.app */;
			productType = "com.apple.product-type.application";
		};
/* End PBXNativeTarget section */

/* Begin PBXProject section */
		7A09B30228D08FA8008EF035 /* Project object */ = {
			isa = PBXProject;
			attributes = {
				BuildIndependentTargetsInParallel = 1;
				LastSwiftUpdateCheck = 1330;
				LastUpgradeCheck = 1330;
				TargetAttributes = {
					7A09B30928D08FA8008EF035 = {
						CreatedOnToolsVersion = 13.3;
					};
				};
			};
			buildConfigurationList = 7A09B30528D08FA8008EF035 /* Build configuration list for PBXProject "MapBoxIntegration" */;
			compatibilityVersion = "Xcode 13.0";
			developmentRegion = en;
			hasScannedForEncodings = 0;
			knownRegions = (
				en,
				Base,
			);
			mainGroup = 7A09B30128D08FA8008EF035;
			productRefGroup = 7A09B30B28D08FA8008EF035 /* Products */;
			projectDirPath = "";
			projectRoot = "";
			targets = (
				7A09B30928D08FA8008EF035 /* MapBoxIntegration */,
			);
		};
/* End PBXProject section */

/* Begin PBXResourcesBuildPhase section */
		7A09B30828D08FA8008EF035 /* Resources */ = {
			isa = PBXResourcesBuildPhase;
			buildActionMask = 2147483647;
			files = (
				7A09B31A28D08FAA008EF035 /* LaunchScreen.storyboard in Resources */,
				7A09B31728D08FAA008EF035 /* Assets.xcassets in Resources */,
				7A09B31528D08FA8008EF035 /* Main.storyboard in Resources */,
			);
			runOnlyForDeploymentPostprocessing = 0;
		};
/* End PBXResourcesBuildPhase section */

/* Begin PBXShellScriptBuildPhase section */
		680A99209CBDA1C405C5C071 /* [CP] Check Pods Manifest.lock */ = {
			isa = PBXShellScriptBuildPhase;
			buildActionMask = 2147483647;
			files = (
			);
			inputFileListPaths = (
			);
			inputPaths = (
				"${PODS_PODFILE_DIR_PATH}/Podfile.lock",
				"${PODS_ROOT}/Manifest.lock",
			);
			name = "[CP] Check Pods Manifest.lock";
			outputFileListPaths = (
			);
			outputPaths = (
				"$(DERIVED_FILE_DIR)/Pods-MapBoxIntegration-checkManifestLockResult.txt",
			);
			runOnlyForDeploymentPostprocessing = 0;
			shellPath = /bin/sh;
			shellScript = "diff \"${PODS_PODFILE_DIR_PATH}/Podfile.lock\" \"${PODS_ROOT}/Manifest.lock\" > /dev/null\nif [ $? != 0 ] ; then\n    # print error to STDERR\n    echo \"error: The sandbox is not in sync with the Podfile.lock. Run 'pod install' or update your CocoaPods installation.\" >&2\n    exit 1\nfi\n# This output is used by Xcode 'outputs' to avoid re-running this script phase.\necho \"SUCCESS\" > \"${SCRIPT_OUTPUT_FILE_0}\"\n";
			showEnvVarsInLog = 0;
		};
		7AFCAD84B40525EC3CE354DA /* [CP] Embed Pods Frameworks */ = {
			isa = PBXShellScriptBuildPhase;
			buildActionMask = 2147483647;
			files = (
			);
			inputFileListPaths = (
				"${PODS_ROOT}/Target Support Files/Pods-MapBoxIntegration/Pods-MapBoxIntegration-frameworks-${CONFIGURATION}-input-files.xcfilelist",
			);
			name = "[CP] Embed Pods Frameworks";
			outputFileListPaths = (
				"${PODS_ROOT}/Target Support Files/Pods-MapBoxIntegration/Pods-MapBoxIntegration-frameworks-${CONFIGURATION}-output-files.xcfilelist",
			);
			runOnlyForDeploymentPostprocessing = 0;
			shellPath = /bin/sh;
			shellScript = "\"${PODS_ROOT}/Target Support Files/Pods-MapBoxIntegration/Pods-MapBoxIntegration-frameworks.sh\"\n";
			showEnvVarsInLog = 0;
		};
/* End PBXShellScriptBuildPhase section */

/* Begin PBXSourcesBuildPhase section */
		7A09B30628D08FA8008EF035 /* Sources */ = {
			isa = PBXSourcesBuildPhase;
			buildActionMask = 2147483647;
			files = (
				7A09B31228D08FA8008EF035 /* ViewController.swift in Sources */,
				7A09B30E28D08FA8008EF035 /* AppDelegate.swift in Sources */,
				7A09B31028D08FA8008EF035 /* SceneDelegate.swift in Sources */,
			);
			runOnlyForDeploymentPostprocessing = 0;
		};
/* End PBXSourcesBuildPhase section */

/* Begin PBXVariantGroup section */
		7A09B31328D08FA8008EF035 /* Main.storyboard */ = {
			isa = PBXVariantGroup;
			children = (
				7A09B31428D08FA8008EF035 /* Base */,
			);
			name = Main.storyboard;
			sourceTree = "<group>";
		};
		7A09B31828D08FAA008EF035 /* LaunchScreen.storyboard */ = {
			isa = PBXVariantGroup;
			children = (
				7A09B31928D08FAA008EF035 /* Base */,
			);
			name = LaunchScreen.storyboard;
			sourceTree = "<group>";
		};
/* End PBXVariantGroup section */

/* Begin XCBuildConfiguration section */
		7A09B31C28D08FAA008EF035 /* Debug */ = {
			isa = XCBuildConfiguration;
			buildSettings = {
				ALWAYS_SEARCH_USER_PATHS = NO;
				CLANG_ANALYZER_NONNULL = YES;
				CLANG_ANALYZER_NUMBER_OBJECT_CONVERSION = YES_AGGRESSIVE;
				CLANG_CXX_LANGUAGE_STANDARD = "gnu++17";
				CLANG_ENABLE_MODULES = YES;
				CLANG_ENABLE_OBJC_ARC = YES;
				CLANG_ENABLE_OBJC_WEAK = YES;
				CLANG_WARN_BLOCK_CAPTURE_AUTORELEASING = YES;
				CLANG_WARN_BOOL_CONVERSION = YES;
				CLANG_WARN_COMMA = YES;
				CLANG_WARN_CONSTANT_CONVERSION = YES;
				CLANG_WARN_DEPRECATED_OBJC_IMPLEMENTATIONS = YES;
				CLANG_WARN_DIRECT_OBJC_ISA_USAGE = YES_ERROR;
				CLANG_WARN_DOCUMENTATION_COMMENTS = YES;
				CLANG_WARN_EMPTY_BODY = YES;
				CLANG_WARN_ENUM_CONVERSION = YES;
				CLANG_WARN_INFINITE_RECURSION = YES;
				CLANG_WARN_INT_CONVERSION = YES;
				CLANG_WARN_NON_LITERAL_NULL_CONVERSION = YES;
				CLANG_WARN_OBJC_IMPLICIT_RETAIN_SELF = YES;
				CLANG_WARN_OBJC_LITERAL_CONVERSION = YES;
				CLANG_WARN_OBJC_ROOT_CLASS = YES_ERROR;
				CLANG_WARN_QUOTED_INCLUDE_IN_FRAMEWORK_HEADER = YES;
				CLANG_WARN_RANGE_LOOP_ANALYSIS = YES;
				CLANG_WARN_STRICT_PROTOTYPES = YES;
				CLANG_WARN_SUSPICIOUS_MOVE = YES;
				CLANG_WARN_UNGUARDED_AVAILABILITY = YES_AGGRESSIVE;
				CLANG_WARN_UNREACHABLE_CODE = YES;
				CLANG_WARN__DUPLICATE_METHOD_MATCH = YES;
				COPY_PHASE_STRIP = NO;
				DEBUG_INFORMATION_FORMAT = dwarf;
				ENABLE_STRICT_OBJC_MSGSEND = YES;
				ENABLE_TESTABILITY = YES;
				GCC_C_LANGUAGE_STANDARD = gnu11;
				GCC_DYNAMIC_NO_PIC = NO;
				GCC_NO_COMMON_BLOCKS = YES;
				GCC_OPTIMIZATION_LEVEL = 0;
				GCC_PREPROCESSOR_DEFINITIONS = (
					"DEBUG=1",
					"$(inherited)",
				);
				GCC_WARN_64_TO_32_BIT_CONVERSION = YES;
				GCC_WARN_ABOUT_RETURN_TYPE = YES_ERROR;
				GCC_WARN_UNDECLARED_SELECTOR = YES;
				GCC_WARN_UNINITIALIZED_AUTOS = YES_AGGRESSIVE;
				GCC_WARN_UNUSED_FUNCTION = YES;
				GCC_WARN_UNUSED_VARIABLE = YES;
				IPHONEOS_DEPLOYMENT_TARGET = 15.4;
				MTL_ENABLE_DEBUG_INFO = INCLUDE_SOURCE;
				MTL_FAST_MATH = YES;
				ONLY_ACTIVE_ARCH = YES;
				SDKROOT = iphoneos;
				SWIFT_ACTIVE_COMPILATION_CONDITIONS = DEBUG;
				SWIFT_OPTIMIZATION_LEVEL = "-Onone";
			};
			name = Debug;
		};
		7A09B31D28D08FAA008EF035 /* Release */ = {
			isa = XCBuildConfiguration;
			buildSettings = {
				ALWAYS_SEARCH_USER_PATHS = NO;
				CLANG_ANALYZER_NONNULL = YES;
				CLANG_ANALYZER_NUMBER_OBJECT_CONVERSION = YES_AGGRESSIVE;
				CLANG_CXX_LANGUAGE_STANDARD = "gnu++17";
				CLANG_ENABLE_MODULES = YES;
				CLANG_ENABLE_OBJC_ARC = YES;
				CLANG_ENABLE_OBJC_WEAK = YES;
				CLANG_WARN_BLOCK_CAPTURE_AUTORELEASING = YES;
				CLANG_WARN_BOOL_CONVERSION = YES;
				CLANG_WARN_COMMA = YES;
				CLANG_WARN_CONSTANT_CONVERSION = YES;
				CLANG_WARN_DEPRECATED_OBJC_IMPLEMENTATIONS = YES;
				CLANG_WARN_DIRECT_OBJC_ISA_USAGE = YES_ERROR;
				CLANG_WARN_DOCUMENTATION_COMMENTS = YES;
				CLANG_WARN_EMPTY_BODY = YES;
				CLANG_WARN_ENUM_CONVERSION = YES;
				CLANG_WARN_INFINITE_RECURSION = YES;
				CLANG_WARN_INT_CONVERSION = YES;
				CLANG_WARN_NON_LITERAL_NULL_CONVERSION = YES;
				CLANG_WARN_OBJC_IMPLICIT_RETAIN_SELF = YES;
				CLANG_WARN_OBJC_LITERAL_CONVERSION = YES;
				CLANG_WARN_OBJC_ROOT_CLASS = YES_ERROR;
				CLANG_WARN_QUOTED_INCLUDE_IN_FRAMEWORK_HEADER = YES;
				CLANG_WARN_RANGE_LOOP_ANALYSIS = YES;
				CLANG_WARN_STRICT_PROTOTYPES = YES;
				CLANG_WARN_SUSPICIOUS_MOVE = YES;
				CLANG_WARN_UNGUARDED_AVAILABILITY = YES_AGGRESSIVE;
				CLANG_WARN_UNREACHABLE_CODE = YES;
				CLANG_WARN__DUPLICATE_METHOD_MATCH = YES;
				COPY_PHASE_STRIP = NO;
				DEBUG_INFORMATION_FORMAT = "dwarf-with-dsym";
				ENABLE_NS_ASSERTIONS = NO;
				ENABLE_STRICT_OBJC_MSGSEND = YES;
				GCC_C_LANGUAGE_STANDARD = gnu11;
				GCC_NO_COMMON_BLOCKS = YES;
				GCC_WARN_64_TO_32_BIT_CONVERSION = YES;
				GCC_WARN_ABOUT_RETURN_TYPE = YES_ERROR;
				GCC_WARN_UNDECLARED_SELECTOR = YES;
				GCC_WARN_UNINITIALIZED_AUTOS = YES_AGGRESSIVE;
				GCC_WARN_UNUSED_FUNCTION = YES;
				GCC_WARN_UNUSED_VARIABLE = YES;
				IPHONEOS_DEPLOYMENT_TARGET = 15.4;
				MTL_ENABLE_DEBUG_INFO = NO;
				MTL_FAST_MATH = YES;
				SDKROOT = iphoneos;
				SWIFT_COMPILATION_MODE = wholemodule;
				SWIFT_OPTIMIZATION_LEVEL = "-O";
				VALIDATE_PRODUCT = YES;
			};
			name = Release;
		};
		7A09B31F28D08FAA008EF035 /* Debug */ = {
			isa = XCBuildConfiguration;
			baseConfigurationReference = D2E08AD00F038F350151019A /* Pods-MapBoxIntegration.debug.xcconfig */;
			buildSettings = {
				ASSETCATALOG_COMPILER_APPICON_NAME = AppIcon;
				ASSETCATALOG_COMPILER_GLOBAL_ACCENT_COLOR_NAME = AccentColor;
				CODE_SIGN_STYLE = Automatic;
				CURRENT_PROJECT_VERSION = 1;
				DEVELOPMENT_TEAM = Z2D3W88VKU;
				GENERATE_INFOPLIST_FILE = YES;
				INFOPLIST_FILE = MapBoxIntegration/Info.plist;
				INFOPLIST_KEY_NSLocationWhenInUseUsageDescription = "Need to Located user";
				INFOPLIST_KEY_UIApplicationSupportsIndirectInputEvents = YES;
				INFOPLIST_KEY_UILaunchStoryboardName = LaunchScreen;
				INFOPLIST_KEY_UIMainStoryboardFile = Main;
				INFOPLIST_KEY_UISupportedInterfaceOrientations_iPad = "UIInterfaceOrientationPortrait UIInterfaceOrientationPortraitUpsideDown UIInterfaceOrientationLandscapeLeft UIInterfaceOrientationLandscapeRight";
				INFOPLIST_KEY_UISupportedInterfaceOrientations_iPhone = "UIInterfaceOrientationPortrait UIInterfaceOrientationLandscapeLeft UIInterfaceOrientationLandscapeRight";
				LD_RUNPATH_SEARCH_PATHS = (
					"$(inherited)",
					"@executable_path/Frameworks",
				);
				MARKETING_VERSION = 1.0;
				PRODUCT_BUNDLE_IDENTIFIER = com.test.MapBoxIntegration;
				PRODUCT_NAME = "$(TARGET_NAME)";
				SWIFT_EMIT_LOC_STRINGS = YES;
				SWIFT_VERSION = 5.0;
				TARGETED_DEVICE_FAMILY = "1,2";
			};
			name = Debug;
		};
		7A09B32028D08FAA008EF035 /* Release */ = {
			isa = XCBuildConfiguration;
			baseConfigurationReference = 5B02294AA5929616575D1161 /* Pods-MapBoxIntegration.release.xcconfig */;
			buildSettings = {
				ASSETCATALOG_COMPILER_APPICON_NAME = AppIcon;
				ASSETCATALOG_COMPILER_GLOBAL_ACCENT_COLOR_NAME = AccentColor;
				CODE_SIGN_STYLE = Automatic;
				CURRENT_PROJECT_VERSION = 1;
				DEVELOPMENT_TEAM = Z2D3W88VKU;
				GENERATE_INFOPLIST_FILE = YES;
				INFOPLIST_FILE = MapBoxIntegration/Info.plist;
				INFOPLIST_KEY_NSLocationWhenInUseUsageDescription = "Need to Located user";
				INFOPLIST_KEY_UIApplicationSupportsIndirectInputEvents = YES;
				INFOPLIST_KEY_UILaunchStoryboardName = LaunchScreen;
				INFOPLIST_KEY_UIMainStoryboardFile = Main;
				INFOPLIST_KEY_UISupportedInterfaceOrientations_iPad = "UIInterfaceOrientationPortrait UIInterfaceOrientationPortraitUpsideDown UIInterfaceOrientationLandscapeLeft UIInterfaceOrientationLandscapeRight";
				INFOPLIST_KEY_UISupportedInterfaceOrientations_iPhone = "UIInterfaceOrientationPortrait UIInterfaceOrientationLandscapeLeft UIInterfaceOrientationLandscapeRight";
				LD_RUNPATH_SEARCH_PATHS = (
					"$(inherited)",
					"@executable_path/Frameworks",
				);
				MARKETING_VERSION = 1.0;
				PRODUCT_BUNDLE_IDENTIFIER = com.test.MapBoxIntegration;
				PRODUCT_NAME = "$(TARGET_NAME)";
				SWIFT_EMIT_LOC_STRINGS = YES;
				SWIFT_VERSION = 5.0;
				TARGETED_DEVICE_FAMILY = "1,2";
			};
			name = Release;
		};
/* End XCBuildConfiguration section */

/* Begin XCConfigurationList section */
		7A09B30528D08FA8008EF035 /* Build configuration list for PBXProject "MapBoxIntegration" */ = {
			isa = XCConfigurationList;
			buildConfigurations = (
				7A09B31C28D08FAA008EF035 /* Debug */,
				7A09B31D28D08FAA008EF035 /* Release */,
			);
			defaultConfigurationIsVisible = 0;
			defaultConfigurationName = Release;
		};
		7A09B31E28D08FAA008EF035 /* Build configuration list for PBXNativeTarget "MapBoxIntegration" */ = {
			isa = XCConfigurationList;
			buildConfigurations = (
				7A09B31F28D08FAA008EF035 /* Debug */,
				7A09B32028D08FAA008EF035 /* Release */,
			);
			defaultConfigurationIsVisible = 0;
			defaultConfigurationName = Release;
		};
/* End XCConfigurationList section */
	};
	rootObject = 7A09B30228D08FA8008EF035 /* Project object */;
}
